
Microsoft Visual Studio Solution File, Format Version 12.00
# Visual Studio Version 16
VisualStudioVersion = 16.0.28803.352
MinimumVisualStudioVersion = 10.0.40219.1
Project("{9A19103F-16F7-4668-BE54-9A1E7A4F7556}") = "Selteq.ServiceProvider", "Selteq.ServiceProvider.csproj", "{5E376873-5B81-40C1-AEFC-116E27A85264}"
EndProject
Global
	GlobalSection(SolutionConfigurationPlatforms) = preSolution
		Debug|Any CPU = Debug|Any CPU
		Release|Any CPU = Release|Any CPU
	EndGlobalSection
	GlobalSection(ProjectConfigurationPlatforms) = postSolution
		{5E376873-5B81-40C1-AEFC-116E27A85264}.Debug|Any CPU.ActiveCfg = Debug|Any CPU
		{5E376873-5B81-40C1-AEFC-116E27A85264}.Debug|Any CPU.Build.0 = Debug|Any CPU
		{5E376873-5B81-40C1-AEFC-116E27A85264}.Release|Any CPU.ActiveCfg = Release|Any CPU
		{5E376873-5B81-40C1-AEFC-116E27A85264}.Release|Any CPU.Build.0 = Release|Any CPU
	EndGlobalSection
	GlobalSection(SolutionProperties) = preSolution
		HideSolutionNode = FALSE
	EndGlobalSection
	GlobalSection(ExtensibilityGlobals) = postSolution
		SolutionGuid = {76CF66FD-16C4-4634-A533-3985B36FCA13}
	EndGlobalSection
EndGlobal
